
Microsoft Visual Studio Solution File, Format Version 12.00
# Visual Studio Version 17
VisualStudioVersion = 17.0.32014.148
MinimumVisualStudioVersion = 10.0.40219.1
Project("{FAE04EC0-301F-11D3-BF4B-00C04F79EFBC}") = "ProyectoCRUD", "ProyectoCRUD.csproj", "{F2602F78-13C9-4C60-A4DB-3C7388BD36DC}"
EndProject
Global
	GlobalSection(SolutionConfigurationPlatforms) = preSolution
		Debug|Any CPU = Debug|Any CPU
		Release|Any CPU = Release|Any CPU
	EndGlobalSection
	GlobalSection(ProjectConfigurationPlatforms) = postSolution
		{F2602F78-13C9-4C60-A4DB-3C7388BD36DC}.Debug|Any CPU.ActiveCfg = Debug|Any CPU
		{F2602F78-13C9-4C60-A4DB-3C7388BD36DC}.Debug|Any CPU.Build.0 = Debug|Any CPU
		{F2602F78-13C9-4C60-A4DB-3C7388BD36DC}.Release|Any CPU.ActiveCfg = Release|Any CPU
		{F2602F78-13C9-4C60-A4DB-3C7388BD36DC}.Release|Any CPU.Build.0 = Release|Any CPU
	EndGlobalSection
	GlobalSection(SolutionProperties) = preSolution
		HideSolutionNode = FALSE
	EndGlobalSection
	GlobalSection(ExtensibilityGlobals) = postSolution
		SolutionGuid = {57A077E3-2B39-41B5-B25A-39E1ABEAB44E}
	EndGlobalSection
EndGlobal
